
Microsoft Visual Studio Solution File, Format Version 10.00
# Visual Studio 2008
Project("{8BC9CEB8-8B4A-11D0-8D11-00A0C91BC942}") = "UdpLogViewer", "UdpLogViewer\UdpLogViewer.vcproj", "{143DFC7E-4D91-4D79-B48A-0D684559A68C}"
EndProject
Global
	GlobalSection(SolutionConfigurationPlatforms) = preSolution
		Debug|Win32 = Debug|Win32
		Release|Win32 = Release|Win32
	EndGlobalSection
	GlobalSection(ProjectConfigurationPlatforms) = postSolution
		{143DFC7E-4D91-4D79-B48A-0D684559A68C}.Debug|Win32.ActiveCfg = Debug|Win32
		{143DFC7E-4D91-4D79-B48A-0D684559A68C}.Debug|Win32.Build.0 = Debug|Win32
		{143DFC7E-4D91-4D79-B48A-0D684559A68C}.Release|Win32.ActiveCfg = Release|Win32
		{143DFC7E-4D91-4D79-B48A-0D684559A68C}.Release|Win32.Build.0 = Release|Win32
	EndGlobalSection
	GlobalSection(SolutionProperties) = preSolution
		HideSolutionNode = FALSE
	EndGlobalSection
EndGlobal
